
Microsoft Visual Studio Solution File, Format Version 12.00
# Visual Studio Version 16
VisualStudioVersion = 16.0.30320.27
MinimumVisualStudioVersion = 10.0.40219.1
Project("{FAE04EC0-301F-11D3-BF4B-00C04F79EFBC}") = "MoneyMakingEffect", "MoneyMakingEffect\MoneyMakingEffect.csproj", "{0A3CF756-B503-4F9F-B169-0245734B9A01}"
EndProject
Global
	GlobalSection(SolutionConfigurationPlatforms) = preSolution
		Debug|Any CPU = Debug|Any CPU
		Release|Any CPU = Release|Any CPU
	EndGlobalSection
	GlobalSection(ProjectConfigurationPlatforms) = postSolution
		{0A3CF756-B503-4F9F-B169-0245734B9A01}.Debug|Any CPU.ActiveCfg = Debug|Any CPU
		{0A3CF756-B503-4F9F-B169-0245734B9A01}.Debug|Any CPU.Build.0 = Debug|Any CPU
		{0A3CF756-B503-4F9F-B169-0245734B9A01}.Release|Any CPU.ActiveCfg = Release|Any CPU
		{0A3CF756-B503-4F9F-B169-0245734B9A01}.Release|Any CPU.Build.0 = Release|Any CPU
	EndGlobalSection
	GlobalSection(SolutionProperties) = preSolution
		HideSolutionNode = FALSE
	EndGlobalSection
	GlobalSection(ExtensibilityGlobals) = postSolution
		SolutionGuid = {66778AC5-B10F-47AA-9A2F-DCEF61FC8713}
	EndGlobalSection
EndGlobal
